
Microsoft Visual Studio Solution File, Format Version 12.00
# Visual Studio Version 17
VisualStudioVersion = 17.8.34330.188
MinimumVisualStudioVersion = 10.0.40219.1
Project("{FAE04EC0-301F-11D3-BF4B-00C04F79EFBC}") = "Задачи с созданием классов", "Задачи с созданием классов\Задачи с созданием классов.csproj", "{98143EE9-2541-42B6-84CD-2BA160935094}"
EndProject
Global
	GlobalSection(SolutionConfigurationPlatforms) = preSolution
		Debug|Any CPU = Debug|Any CPU
		Release|Any CPU = Release|Any CPU
	EndGlobalSection
	GlobalSection(ProjectConfigurationPlatforms) = postSolution
		{98143EE9-2541-42B6-84CD-2BA160935094}.Debug|Any CPU.ActiveCfg = Debug|Any CPU
		{98143EE9-2541-42B6-84CD-2BA160935094}.Debug|Any CPU.Build.0 = Debug|Any CPU
		{98143EE9-2541-42B6-84CD-2BA160935094}.Release|Any CPU.ActiveCfg = Release|Any CPU
		{98143EE9-2541-42B6-84CD-2BA160935094}.Release|Any CPU.Build.0 = Release|Any CPU
	EndGlobalSection
	GlobalSection(SolutionProperties) = preSolution
		HideSolutionNode = FALSE
	EndGlobalSection
	GlobalSection(ExtensibilityGlobals) = postSolution
		SolutionGuid = {4C381568-4C99-4D38-9BF4-82F0067E9F79}
	EndGlobalSection
EndGlobal
