
Microsoft Visual Studio Solution File, Format Version 12.00
# Visual Studio Version 17
VisualStudioVersion = 17.8.34330.188
MinimumVisualStudioVersion = 10.0.40219.1
Project("{FAE04EC0-301F-11D3-BF4B-00C04F79EFBC}") = "Использование модификаторов доступа в C#", "Использование модификаторов доступа в C#\Использование модификаторов доступа в C#.csproj", "{A0E391EC-6F33-4510-AF4F-239E12A59BCD}"
EndProject
Global
	GlobalSection(SolutionConfigurationPlatforms) = preSolution
		Debug|Any CPU = Debug|Any CPU
		Release|Any CPU = Release|Any CPU
	EndGlobalSection
	GlobalSection(ProjectConfigurationPlatforms) = postSolution
		{A0E391EC-6F33-4510-AF4F-239E12A59BCD}.Debug|Any CPU.ActiveCfg = Debug|Any CPU
		{A0E391EC-6F33-4510-AF4F-239E12A59BCD}.Debug|Any CPU.Build.0 = Debug|Any CPU
		{A0E391EC-6F33-4510-AF4F-239E12A59BCD}.Release|Any CPU.ActiveCfg = Release|Any CPU
		{A0E391EC-6F33-4510-AF4F-239E12A59BCD}.Release|Any CPU.Build.0 = Release|Any CPU
	EndGlobalSection
	GlobalSection(SolutionProperties) = preSolution
		HideSolutionNode = FALSE
	EndGlobalSection
	GlobalSection(ExtensibilityGlobals) = postSolution
		SolutionGuid = {72C3ED6B-7DEF-4806-A707-7385E637628F}
	EndGlobalSection
EndGlobal
